
Microsoft Visual Studio Solution File, Format Version 12.00
# Visual Studio Version 16
VisualStudioVersion = 16.0.31624.102
MinimumVisualStudioVersion = 10.0.40219.1
Project("{FAE04EC0-301F-11D3-BF4B-00C04F79EFBC}") = "ConsoleAppLoopsDemo", "ConsoleAppLoopsDemo\ConsoleAppLoopsDemo.csproj", "{79215A00-3976-4779-A7AF-ECA25754F214}"
EndProject
Global
	GlobalSection(SolutionConfigurationPlatforms) = preSolution
		Debug|Any CPU = Debug|Any CPU
		Release|Any CPU = Release|Any CPU
	EndGlobalSection
	GlobalSection(ProjectConfigurationPlatforms) = postSolution
		{79215A00-3976-4779-A7AF-ECA25754F214}.Debug|Any CPU.ActiveCfg = Debug|Any CPU
		{79215A00-3976-4779-A7AF-ECA25754F214}.Debug|Any CPU.Build.0 = Debug|Any CPU
		{79215A00-3976-4779-A7AF-ECA25754F214}.Release|Any CPU.ActiveCfg = Release|Any CPU
		{79215A00-3976-4779-A7AF-ECA25754F214}.Release|Any CPU.Build.0 = Release|Any CPU
	EndGlobalSection
	GlobalSection(SolutionProperties) = preSolution
		HideSolutionNode = FALSE
	EndGlobalSection
	GlobalSection(ExtensibilityGlobals) = postSolution
		SolutionGuid = {24A4A28E-827A-4603-A5F5-573B5F05F641}
	EndGlobalSection
EndGlobal
