
Microsoft Visual Studio Solution File, Format Version 12.00
# Visual Studio Version 16
VisualStudioVersion = 16.0.31624.102
MinimumVisualStudioVersion = 10.0.40219.1
Project("{FAE04EC0-301F-11D3-BF4B-00C04F79EFBC}") = "ConsoleAppInterfaceDemo", "ConsoleAppInterfaceDemo\ConsoleAppInterfaceDemo.csproj", "{DCF76BAB-DA66-48A6-85FD-B2A2DD7D1F4D}"
EndProject
Global
	GlobalSection(SolutionConfigurationPlatforms) = preSolution
		Debug|Any CPU = Debug|Any CPU
		Release|Any CPU = Release|Any CPU
	EndGlobalSection
	GlobalSection(ProjectConfigurationPlatforms) = postSolution
		{DCF76BAB-DA66-48A6-85FD-B2A2DD7D1F4D}.Debug|Any CPU.ActiveCfg = Debug|Any CPU
		{DCF76BAB-DA66-48A6-85FD-B2A2DD7D1F4D}.Debug|Any CPU.Build.0 = Debug|Any CPU
		{DCF76BAB-DA66-48A6-85FD-B2A2DD7D1F4D}.Release|Any CPU.ActiveCfg = Release|Any CPU
		{DCF76BAB-DA66-48A6-85FD-B2A2DD7D1F4D}.Release|Any CPU.Build.0 = Release|Any CPU
	EndGlobalSection
	GlobalSection(SolutionProperties) = preSolution
		HideSolutionNode = FALSE
	EndGlobalSection
	GlobalSection(ExtensibilityGlobals) = postSolution
		SolutionGuid = {14B1E53E-6D05-4F01-9FC8-A72F65704AB4}
	EndGlobalSection
EndGlobal
