
Microsoft Visual Studio Solution File, Format Version 12.00
# Visual Studio Version 16
VisualStudioVersion = 16.0.31624.102
MinimumVisualStudioVersion = 10.0.40219.1
Project("{FAE04EC0-301F-11D3-BF4B-00C04F79EFBC}") = "ConsoleAppSerializationDemo", "ConsoleAppSerializationDemo\ConsoleAppSerializationDemo.csproj", "{51B68C09-1C16-4A42-B068-2B6306526533}"
EndProject
Global
	GlobalSection(SolutionConfigurationPlatforms) = preSolution
		Debug|Any CPU = Debug|Any CPU
		Release|Any CPU = Release|Any CPU
	EndGlobalSection
	GlobalSection(ProjectConfigurationPlatforms) = postSolution
		{51B68C09-1C16-4A42-B068-2B6306526533}.Debug|Any CPU.ActiveCfg = Debug|Any CPU
		{51B68C09-1C16-4A42-B068-2B6306526533}.Debug|Any CPU.Build.0 = Debug|Any CPU
		{51B68C09-1C16-4A42-B068-2B6306526533}.Release|Any CPU.ActiveCfg = Release|Any CPU
		{51B68C09-1C16-4A42-B068-2B6306526533}.Release|Any CPU.Build.0 = Release|Any CPU
	EndGlobalSection
	GlobalSection(SolutionProperties) = preSolution
		HideSolutionNode = FALSE
	EndGlobalSection
	GlobalSection(ExtensibilityGlobals) = postSolution
		SolutionGuid = {FC2A02E9-C330-4E38-87BC-12E10CA18F89}
	EndGlobalSection
EndGlobal
