
Microsoft Visual Studio Solution File, Format Version 12.00
# Visual Studio Version 16
VisualStudioVersion = 16.0.31624.102
MinimumVisualStudioVersion = 10.0.40219.1
Project("{FAE04EC0-301F-11D3-BF4B-00C04F79EFBC}") = "WebApplicationCalculatorDemo", "WebApplicationCalculatorDemo\WebApplicationCalculatorDemo.csproj", "{CC95EC36-AF70-49CF-8B9E-0C7A5325DB34}"
EndProject
Global
	GlobalSection(SolutionConfigurationPlatforms) = preSolution
		Debug|Any CPU = Debug|Any CPU
		Release|Any CPU = Release|Any CPU
	EndGlobalSection
	GlobalSection(ProjectConfigurationPlatforms) = postSolution
		{CC95EC36-AF70-49CF-8B9E-0C7A5325DB34}.Debug|Any CPU.ActiveCfg = Debug|Any CPU
		{CC95EC36-AF70-49CF-8B9E-0C7A5325DB34}.Debug|Any CPU.Build.0 = Debug|Any CPU
		{CC95EC36-AF70-49CF-8B9E-0C7A5325DB34}.Release|Any CPU.ActiveCfg = Release|Any CPU
		{CC95EC36-AF70-49CF-8B9E-0C7A5325DB34}.Release|Any CPU.Build.0 = Release|Any CPU
	EndGlobalSection
	GlobalSection(SolutionProperties) = preSolution
		HideSolutionNode = FALSE
	EndGlobalSection
	GlobalSection(ExtensibilityGlobals) = postSolution
		SolutionGuid = {32F7DE6A-816D-4751-AC0A-F5F3E4416DE6}
	EndGlobalSection
EndGlobal
