
Microsoft Visual Studio Solution File, Format Version 12.00
# Visual Studio Version 16
VisualStudioVersion = 16.0.31624.102
MinimumVisualStudioVersion = 10.0.40219.1
Project("{FAE04EC0-301F-11D3-BF4B-00C04F79EFBC}") = "ConsoleAppArrayDemo", "ConsoleAppArrayDemo\ConsoleAppArrayDemo.csproj", "{D08A517B-3A57-4FC9-9D9C-FE71DA3ACCCD}"
EndProject
Global
	GlobalSection(SolutionConfigurationPlatforms) = preSolution
		Debug|Any CPU = Debug|Any CPU
		Release|Any CPU = Release|Any CPU
	EndGlobalSection
	GlobalSection(ProjectConfigurationPlatforms) = postSolution
		{D08A517B-3A57-4FC9-9D9C-FE71DA3ACCCD}.Debug|Any CPU.ActiveCfg = Debug|Any CPU
		{D08A517B-3A57-4FC9-9D9C-FE71DA3ACCCD}.Debug|Any CPU.Build.0 = Debug|Any CPU
		{D08A517B-3A57-4FC9-9D9C-FE71DA3ACCCD}.Release|Any CPU.ActiveCfg = Release|Any CPU
		{D08A517B-3A57-4FC9-9D9C-FE71DA3ACCCD}.Release|Any CPU.Build.0 = Release|Any CPU
	EndGlobalSection
	GlobalSection(SolutionProperties) = preSolution
		HideSolutionNode = FALSE
	EndGlobalSection
	GlobalSection(ExtensibilityGlobals) = postSolution
		SolutionGuid = {9AC9FBCD-F2F0-4273-84F8-C87B1C1742C5}
	EndGlobalSection
EndGlobal
