
Microsoft Visual Studio Solution File, Format Version 12.00
# Visual Studio Version 16
VisualStudioVersion = 16.0.31624.102
MinimumVisualStudioVersion = 10.0.40219.1
Project("{FAE04EC0-301F-11D3-BF4B-00C04F79EFBC}") = "ConsoleAppBasicFileOperationDemo", "ConsoleAppBasicFileOperationDemo\ConsoleAppBasicFileOperationDemo.csproj", "{A956F166-8959-436B-856F-DBC4B66F8FAE}"
EndProject
Global
	GlobalSection(SolutionConfigurationPlatforms) = preSolution
		Debug|Any CPU = Debug|Any CPU
		Release|Any CPU = Release|Any CPU
	EndGlobalSection
	GlobalSection(ProjectConfigurationPlatforms) = postSolution
		{A956F166-8959-436B-856F-DBC4B66F8FAE}.Debug|Any CPU.ActiveCfg = Debug|Any CPU
		{A956F166-8959-436B-856F-DBC4B66F8FAE}.Debug|Any CPU.Build.0 = Debug|Any CPU
		{A956F166-8959-436B-856F-DBC4B66F8FAE}.Release|Any CPU.ActiveCfg = Release|Any CPU
		{A956F166-8959-436B-856F-DBC4B66F8FAE}.Release|Any CPU.Build.0 = Release|Any CPU
	EndGlobalSection
	GlobalSection(SolutionProperties) = preSolution
		HideSolutionNode = FALSE
	EndGlobalSection
	GlobalSection(ExtensibilityGlobals) = postSolution
		SolutionGuid = {E417B306-9B5C-4963-80E5-87B2C210133B}
	EndGlobalSection
EndGlobal
