
Microsoft Visual Studio Solution File, Format Version 12.00
# Visual Studio Version 16
VisualStudioVersion = 16.0.31624.102
MinimumVisualStudioVersion = 10.0.40219.1
Project("{FAE04EC0-301F-11D3-BF4B-00C04F79EFBC}") = "ConsoleAppOperatorsAndExpressions", "ConsoleAppOperatorsAndExpressions\ConsoleAppOperatorsAndExpressions.csproj", "{84D9C559-DB5B-4A3A-BEFB-AC1D437EDFBF}"
EndProject
Global
	GlobalSection(SolutionConfigurationPlatforms) = preSolution
		Debug|Any CPU = Debug|Any CPU
		Release|Any CPU = Release|Any CPU
	EndGlobalSection
	GlobalSection(ProjectConfigurationPlatforms) = postSolution
		{84D9C559-DB5B-4A3A-BEFB-AC1D437EDFBF}.Debug|Any CPU.ActiveCfg = Debug|Any CPU
		{84D9C559-DB5B-4A3A-BEFB-AC1D437EDFBF}.Debug|Any CPU.Build.0 = Debug|Any CPU
		{84D9C559-DB5B-4A3A-BEFB-AC1D437EDFBF}.Release|Any CPU.ActiveCfg = Release|Any CPU
		{84D9C559-DB5B-4A3A-BEFB-AC1D437EDFBF}.Release|Any CPU.Build.0 = Release|Any CPU
	EndGlobalSection
	GlobalSection(SolutionProperties) = preSolution
		HideSolutionNode = FALSE
	EndGlobalSection
	GlobalSection(ExtensibilityGlobals) = postSolution
		SolutionGuid = {B7897F28-5FC7-4A8B-82BD-9EEB6BAFC008}
	EndGlobalSection
EndGlobal
